
Microsoft Visual Studio Solution File, Format Version 12.00
# Visual Studio Version 17
VisualStudioVersion = 17.7.34031.279
MinimumVisualStudioVersion = 10.0.40219.1
Project("{FAE04EC0-301F-11D3-BF4B-00C04F79EFBC}") = "Easy-crud", "Easy-crud\Easy-crud.csproj", "{8B9974B3-3EAE-49E6-AE13-9DC32052D12A}"
EndProject
Global
	GlobalSection(SolutionConfigurationPlatforms) = preSolution
		Debug|Any CPU = Debug|Any CPU
		Release|Any CPU = Release|Any CPU
	EndGlobalSection
	GlobalSection(ProjectConfigurationPlatforms) = postSolution
		{8B9974B3-3EAE-49E6-AE13-9DC32052D12A}.Debug|Any CPU.ActiveCfg = Debug|Any CPU
		{8B9974B3-3EAE-49E6-AE13-9DC32052D12A}.Debug|Any CPU.Build.0 = Debug|Any CPU
		{8B9974B3-3EAE-49E6-AE13-9DC32052D12A}.Release|Any CPU.ActiveCfg = Release|Any CPU
		{8B9974B3-3EAE-49E6-AE13-9DC32052D12A}.Release|Any CPU.Build.0 = Release|Any CPU
	EndGlobalSection
	GlobalSection(SolutionProperties) = preSolution
		HideSolutionNode = FALSE
	EndGlobalSection
	GlobalSection(ExtensibilityGlobals) = postSolution
		SolutionGuid = {1D2FA307-618A-4FDF-8D36-4509BC4D4B9A}
	EndGlobalSection
EndGlobal
